
Microsoft Visual Studio Solution File, Format Version 12.00
# Visual Studio Version 16
VisualStudioVersion = 16.0.29006.145
MinimumVisualStudioVersion = 10.0.40219.1
Project("{9A19103F-16F7-4668-BE54-9A1E7A4F7556}") = "wpf", "wpf.csproj", "{3EF55E75-6B9D-4FA3-90F3-33DA5E728BF0}"
EndProject
Global
	GlobalSection(SolutionConfigurationPlatforms) = preSolution
		Debug|Any CPU = Debug|Any CPU
		Release|Any CPU = Release|Any CPU
	EndGlobalSection
	GlobalSection(ProjectConfigurationPlatforms) = postSolution
		{3EF55E75-6B9D-4FA3-90F3-33DA5E728BF0}.Debug|Any CPU.ActiveCfg = Debug|Any CPU
		{3EF55E75-6B9D-4FA3-90F3-33DA5E728BF0}.Debug|Any CPU.Build.0 = Debug|Any CPU
		{3EF55E75-6B9D-4FA3-90F3-33DA5E728BF0}.Release|Any CPU.ActiveCfg = Release|Any CPU
		{3EF55E75-6B9D-4FA3-90F3-33DA5E728BF0}.Release|Any CPU.Build.0 = Release|Any CPU
	EndGlobalSection
	GlobalSection(SolutionProperties) = preSolution
		HideSolutionNode = FALSE
	EndGlobalSection
	GlobalSection(ExtensibilityGlobals) = postSolution
		SolutionGuid = {D3C25550-2FDF-4C6F-9F28-059E84756A40}
	EndGlobalSection
EndGlobal
